
Microsoft Visual Studio Solution File, Format Version 12.00
# Visual Studio Version 17
VisualStudioVersion = 17.3.32825.248
MinimumVisualStudioVersion = 10.0.40219.1
Project("{FAE04EC0-301F-11D3-BF4B-00C04F79EFBC}") = "WpfAppKeyboard", "WpfAppKeyboard\WpfAppKeyboard.csproj", "{494F0091-D1E7-49BC-B3E3-FB2470A129D0}"
EndProject
Global
	GlobalSection(SolutionConfigurationPlatforms) = preSolution
		Debug|Any CPU = Debug|Any CPU
		Release|Any CPU = Release|Any CPU
	EndGlobalSection
	GlobalSection(ProjectConfigurationPlatforms) = postSolution
		{494F0091-D1E7-49BC-B3E3-FB2470A129D0}.Debug|Any CPU.ActiveCfg = Debug|Any CPU
		{494F0091-D1E7-49BC-B3E3-FB2470A129D0}.Debug|Any CPU.Build.0 = Debug|Any CPU
		{494F0091-D1E7-49BC-B3E3-FB2470A129D0}.Release|Any CPU.ActiveCfg = Release|Any CPU
		{494F0091-D1E7-49BC-B3E3-FB2470A129D0}.Release|Any CPU.Build.0 = Release|Any CPU
	EndGlobalSection
	GlobalSection(SolutionProperties) = preSolution
		HideSolutionNode = FALSE
	EndGlobalSection
	GlobalSection(ExtensibilityGlobals) = postSolution
		SolutionGuid = {546A1A2F-2E9D-4630-90EB-B1119CB61691}
	EndGlobalSection
EndGlobal
